{
  "originHash" : "28d71c0aea5199833491368d0837d193ae6d941e98c1c7de59f436372ae40348",
  "pins" : [
    {
      "identity" : "swiftdotenv",
      "kind" : "remoteSourceControl",
      "location" : "https://github.com/SwiftOnTheServer/SwiftDotEnv.git",
      "state" : {
        "revision" : "2a7527210766fc726fb3d26fa9b8f295841e73df",
        "version" : "2.0.1"
      }
    }
  ],
  "version" : 3
}
